
Microsoft Visual Studio Solution File, Format Version 12.00
# Visual Studio Version 16
VisualStudioVersion = 16.0.31702.278
MinimumVisualStudioVersion = 10.0.40219.1
Project("{8BC9CEB8-8B4A-11D0-8D11-00A0C91BC942}") = "ReceiptStack", "ReceiptStack.vcxproj", "{9007B24A-5650-48B2-B375-543D196474BC}"
EndProject
Global
	GlobalSection(SolutionConfigurationPlatforms) = preSolution
		Debug|x64 = Debug|x64
		Debug|x86 = Debug|x86
		Release|x64 = Release|x64
		Release|x86 = Release|x86
	EndGlobalSection
	GlobalSection(ProjectConfigurationPlatforms) = postSolution
		{9007B24A-5650-48B2-B375-543D196474BC}.Debug|x64.ActiveCfg = Debug|x64
		{9007B24A-5650-48B2-B375-543D196474BC}.Debug|x64.Build.0 = Debug|x64
		{9007B24A-5650-48B2-B375-543D196474BC}.Debug|x86.ActiveCfg = Debug|Win32
		{9007B24A-5650-48B2-B375-543D196474BC}.Debug|x86.Build.0 = Debug|Win32
		{9007B24A-5650-48B2-B375-543D196474BC}.Release|x64.ActiveCfg = Release|x64
		{9007B24A-5650-48B2-B375-543D196474BC}.Release|x64.Build.0 = Release|x64
		{9007B24A-5650-48B2-B375-543D196474BC}.Release|x86.ActiveCfg = Release|Win32
		{9007B24A-5650-48B2-B375-543D196474BC}.Release|x86.Build.0 = Release|Win32
	EndGlobalSection
	GlobalSection(SolutionProperties) = preSolution
		HideSolutionNode = FALSE
	EndGlobalSection
	GlobalSection(ExtensibilityGlobals) = postSolution
		SolutionGuid = {0F1E5D60-CB64-4D89-8770-DAE59ADA3C24}
	EndGlobalSection
EndGlobal
